
Microsoft Visual Studio Solution File, Format Version 12.00
# Visual Studio Version 16
VisualStudioVersion = 16.0.31729.503
MinimumVisualStudioVersion = 10.0.40219.1
Project("{FAE04EC0-301F-11D3-BF4B-00C04F79EFBC}") = "WebApplication", "WebApplication\WebApplication.csproj", "{373E4AA6-9984-4015-B3BA-04E06924ACC3}"
EndProject
Global
	GlobalSection(SolutionConfigurationPlatforms) = preSolution
		Debug|Any CPU = Debug|Any CPU
		Release|Any CPU = Release|Any CPU
	EndGlobalSection
	GlobalSection(ProjectConfigurationPlatforms) = postSolution
		{373E4AA6-9984-4015-B3BA-04E06924ACC3}.Debug|Any CPU.ActiveCfg = Debug|Any CPU
		{373E4AA6-9984-4015-B3BA-04E06924ACC3}.Debug|Any CPU.Build.0 = Debug|Any CPU
		{373E4AA6-9984-4015-B3BA-04E06924ACC3}.Release|Any CPU.ActiveCfg = Release|Any CPU
		{373E4AA6-9984-4015-B3BA-04E06924ACC3}.Release|Any CPU.Build.0 = Release|Any CPU
	EndGlobalSection
	GlobalSection(SolutionProperties) = preSolution
		HideSolutionNode = FALSE
	EndGlobalSection
	GlobalSection(ExtensibilityGlobals) = postSolution
		SolutionGuid = {A2D42790-F6D3-4445-8521-BE8068BA51F7}
	EndGlobalSection
EndGlobal
